
Microsoft Visual Studio Solution File, Format Version 12.00
# Visual Studio Version 17
VisualStudioVersion = 17.11.35312.102
MinimumVisualStudioVersion = 10.0.40219.1
Project("{8BC9CEB8-8B4A-11D0-8D11-00A0C91BC942}") = "4.31", "4.31\4.31.vcxproj", "{D337B5B9-0814-4138-A84B-E2948A9B0AD0}"
EndProject
Global
	GlobalSection(SolutionConfigurationPlatforms) = preSolution
		Debug|x64 = Debug|x64
		Debug|x86 = Debug|x86
		Release|x64 = Release|x64
		Release|x86 = Release|x86
	EndGlobalSection
	GlobalSection(ProjectConfigurationPlatforms) = postSolution
		{D337B5B9-0814-4138-A84B-E2948A9B0AD0}.Debug|x64.ActiveCfg = Debug|x64
		{D337B5B9-0814-4138-A84B-E2948A9B0AD0}.Debug|x64.Build.0 = Debug|x64
		{D337B5B9-0814-4138-A84B-E2948A9B0AD0}.Debug|x86.ActiveCfg = Debug|Win32
		{D337B5B9-0814-4138-A84B-E2948A9B0AD0}.Debug|x86.Build.0 = Debug|Win32
		{D337B5B9-0814-4138-A84B-E2948A9B0AD0}.Release|x64.ActiveCfg = Release|x64
		{D337B5B9-0814-4138-A84B-E2948A9B0AD0}.Release|x64.Build.0 = Release|x64
		{D337B5B9-0814-4138-A84B-E2948A9B0AD0}.Release|x86.ActiveCfg = Release|Win32
		{D337B5B9-0814-4138-A84B-E2948A9B0AD0}.Release|x86.Build.0 = Release|Win32
	EndGlobalSection
	GlobalSection(SolutionProperties) = preSolution
		HideSolutionNode = FALSE
	EndGlobalSection
	GlobalSection(ExtensibilityGlobals) = postSolution
		SolutionGuid = {467AB8E1-EFF7-4128-8187-DE3B50E2B943}
	EndGlobalSection
EndGlobal
